
Microsoft Visual Studio Solution File, Format Version 12.00
# Visual Studio Version 17
VisualStudioVersion = 17.7.34221.43
MinimumVisualStudioVersion = 10.0.40219.1
Project("{FAE04EC0-301F-11D3-BF4B-00C04F79EFBC}") = "AngularTestApi", "AngularTestApi\AngularTestApi.csproj", "{6BCB241C-6DD7-40BB-A54E-7A64125BD887}"
EndProject
Global
	GlobalSection(SolutionConfigurationPlatforms) = preSolution
		Debug|Any CPU = Debug|Any CPU
		Release|Any CPU = Release|Any CPU
	EndGlobalSection
	GlobalSection(ProjectConfigurationPlatforms) = postSolution
		{6BCB241C-6DD7-40BB-A54E-7A64125BD887}.Debug|Any CPU.ActiveCfg = Debug|Any CPU
		{6BCB241C-6DD7-40BB-A54E-7A64125BD887}.Debug|Any CPU.Build.0 = Debug|Any CPU
		{6BCB241C-6DD7-40BB-A54E-7A64125BD887}.Release|Any CPU.ActiveCfg = Release|Any CPU
		{6BCB241C-6DD7-40BB-A54E-7A64125BD887}.Release|Any CPU.Build.0 = Release|Any CPU
	EndGlobalSection
	GlobalSection(SolutionProperties) = preSolution
		HideSolutionNode = FALSE
	EndGlobalSection
	GlobalSection(ExtensibilityGlobals) = postSolution
		SolutionGuid = {6A864A02-A885-4406-9D7F-A4058C82B381}
	EndGlobalSection
EndGlobal
